<?xml version="1.0" encoding="utf-8"?>
<Project ToolsVersion="4.0" xmlns="http://schemas.microsoft.com/developer/msbuild/2003">
  <ItemGroup>
    <Filter Include="Source Files">
      <UniqueIdentifier>{4FC737F1-C7A5-4376-A066-2A32D752A2FF}</UniqueIdentifier>
      <Extensions>cpp;c;cc;cxx;def;odl;idl;hpj;bat;asm;asmx</Extensions>
    </Filter>
    <Filter Include="Source Files\Constant buffers">
      <UniqueIdentifier>{1393fd1c-7e7f-410f-ad05-6c03cc8efb56}</UniqueIdentifier>
    </Filter>
    <Filter Include="Source Files\KernelHandler">
      <UniqueIdentifier>{b27d6dc9-20ce-40d1-a7fd-658471cff527}</UniqueIdentifier>
    </Filter>
    <Filter Include="Source Files\KernelHandler\Base">
      <UniqueIdentifier>{f70fc696-c502-4270-ab43-d8992adebb24}</UniqueIdentifier>
    </Filter>
    <Filter Include="Source Files\Kernels">
      <UniqueIdentifier>{562a4996-c58f-4adf-863c-5f5f2a7f6711}</UniqueIdentifier>
    </Filter>
    <Filter Include="Source Files\Resource">
      <UniqueIdentifier>{61bd8d31-84bb-47da-b217-a32b5977a163}</UniqueIdentifier>
    </Filter>
    <Filter Include="Source Files\Exception">
      <UniqueIdentifier>{dcddc833-c3b1-4b0e-b2b5-ce5e9e43dd50}</UniqueIdentifier>
    </Filter>
  </ItemGroup>
  <ItemGroup>
    <ClInclude Include="RaytraceConstantBuffer.h">
      <Filter>Source Files\Constant buffers</Filter>
    </ClInclude>
    <ClInclude Include="RaytraceKernel.h">
      <Filter>Source Files\KernelHandler</Filter>
    </ClInclude>
    <ClInclude Include="IKernelHandler.h">
      <Filter>Source Files\KernelHandler\Base</Filter>
    </ClInclude>
    <ClInclude Include="InteropResourceMapping.h">
      <Filter>Source Files\Resource</Filter>
    </ClInclude>
    <ClInclude Include="KernelDevice.h">
      <Filter>Source Files</Filter>
    </ClInclude>
    <ClInclude Include="KernelHelper.h">
      <Filter>Source Files</Filter>
    </ClInclude>
    <ClInclude Include="KernelException.h">
      <Filter>Source Files\Exception</Filter>
    </ClInclude>
  </ItemGroup>
  <ItemGroup>
    <ClCompile Include="RaytraceKernel.cpp">
      <Filter>Source Files\KernelHandler</Filter>
    </ClCompile>
    <ClCompile Include="IKernelHandler.cpp">
      <Filter>Source Files\KernelHandler\Base</Filter>
    </ClCompile>
    <ClCompile Include="KernelDevice.cpp">
      <Filter>Source Files</Filter>
    </ClCompile>
  </ItemGroup>
  <ItemGroup>
    <None Include="RaytraceKernel.cu">
      <Filter>Source Files\Kernels</Filter>
    </None>
  </ItemGroup>
</Project>