<?xml version="1.0" encoding="utf-8"?>
<Project ToolsVersion="4.0" xmlns="http://schemas.microsoft.com/developer/msbuild/2003">
  <ItemGroup>
    <Filter Include="Source Files">
      <UniqueIdentifier>{4FC737F1-C7A5-4376-A066-2A32D752A2FF}</UniqueIdentifier>
      <Extensions>cpp;c;cc;cxx;def;odl;idl;hpj;bat;asm;asmx</Extensions>
    </Filter>
    <Filter Include="Source Files\App">
      <UniqueIdentifier>{9adf9407-68cb-41da-bfac-6e5302b48803}</UniqueIdentifier>
    </Filter>
    <Filter Include="Source Files\Kernel">
      <UniqueIdentifier>{f1f5fb35-7def-4ce0-87a8-c35fbf86fb3c}</UniqueIdentifier>
    </Filter>
    <Filter Include="Source Files\Kernel\Constant buffers">
      <UniqueIdentifier>{8c2ebe6b-3ec7-4e55-b8f9-4ac40942d58d}</UniqueIdentifier>
    </Filter>
    <Filter Include="Source Files\Kernel\Exception">
      <UniqueIdentifier>{0f709bac-db33-4c7e-bb92-b39adafdab42}</UniqueIdentifier>
    </Filter>
    <Filter Include="Source Files\Kernel\KernelHandler">
      <UniqueIdentifier>{5e41dda6-18c1-41eb-b5db-11e818943ef2}</UniqueIdentifier>
    </Filter>
    <Filter Include="Source Files\Kernel\KernelHandler\Base">
      <UniqueIdentifier>{fb8753ba-8143-44b6-aa06-abcbe44b3b11}</UniqueIdentifier>
    </Filter>
    <Filter Include="Source Files\Kernel\Kernels">
      <UniqueIdentifier>{a2fd4b0d-026e-49b8-8e23-416f4f54897e}</UniqueIdentifier>
    </Filter>
    <Filter Include="Source Files\Kernel\Resource">
      <UniqueIdentifier>{25d0a4eb-f6c8-4ff2-be0a-9225cadda1e9}</UniqueIdentifier>
    </Filter>
    <Filter Include="Source Files\TempLogic">
      <UniqueIdentifier>{d97fcd18-2338-466e-8f58-c4a86d0f7211}</UniqueIdentifier>
    </Filter>
    <Filter Include="Source Files\Kernel\Kernels\Raytrace">
      <UniqueIdentifier>{3ecd7622-2864-4270-ba3c-58137cc71eb3}</UniqueIdentifier>
    </Filter>
    <Filter Include="Source Files\Kernel\Kernels\Raytrace\Intersections">
      <UniqueIdentifier>{dae42d43-e0da-438b-a6f2-0259f382a2ba}</UniqueIdentifier>
    </Filter>
    <Filter Include="Source Files\Kernel\Kernels\Raytrace\Structures">
      <UniqueIdentifier>{6816f5b1-4aa8-4da2-bb1e-30289c58cc98}</UniqueIdentifier>
    </Filter>
    <Filter Include="Source Files\Kernel\Kernels\Raytrace\Effects">
      <UniqueIdentifier>{e5b4e7f3-c10a-40bc-a831-6806f7555df1}</UniqueIdentifier>
    </Filter>
    <Filter Include="Source Files\Kernel\Kernels\Raytrace\Utils">
      <UniqueIdentifier>{2bfa1553-183e-44fd-99da-e1aef31fe1b1}</UniqueIdentifier>
    </Filter>
    <Filter Include="Source Files\TempLogic\Input">
      <UniqueIdentifier>{084f3a0b-3ec8-403c-a1d3-0f4e66903365}</UniqueIdentifier>
    </Filter>
  </ItemGroup>
  <ItemGroup>
    <ClInclude Include="App.h">
      <Filter>Source Files\App</Filter>
    </ClInclude>
    <ClInclude Include="RaytraceConstantBuffer.h">
      <Filter>Source Files\Kernel\Constant buffers</Filter>
    </ClInclude>
    <ClInclude Include="KernelException.h">
      <Filter>Source Files\Kernel\Exception</Filter>
    </ClInclude>
    <ClInclude Include="RaytraceKernel.h">
      <Filter>Source Files\Kernel\KernelHandler</Filter>
    </ClInclude>
    <ClInclude Include="IKernelHandler.h">
      <Filter>Source Files\Kernel\KernelHandler\Base</Filter>
    </ClInclude>
    <ClInclude Include="InteropResourceMapping.h">
      <Filter>Source Files\Kernel\Resource</Filter>
    </ClInclude>
    <ClInclude Include="KernelDevice.h">
      <Filter>Source Files\Kernel</Filter>
    </ClInclude>
    <ClInclude Include="KernelHelper.h">
      <Filter>Source Files\Kernel</Filter>
    </ClInclude>
    <ClInclude Include="Camera.h">
      <Filter>Source Files\TempLogic</Filter>
    </ClInclude>
    <ClInclude Include="Primitives.h">
      <Filter>Source Files\Kernel\Kernels\Raytrace\Structures</Filter>
    </ClInclude>
    <ClInclude Include="RaytraceSurfaceMaterial.h">
      <Filter>Source Files\Kernel\Kernels\Raytrace\Structures</Filter>
    </ClInclude>
    <ClInclude Include="Ray.h">
      <Filter>Source Files\Kernel\Kernels\Raytrace\Structures</Filter>
    </ClInclude>
    <ClInclude Include="RaytraceLighting.h">
      <Filter>Source Files\Kernel\Kernels\Raytrace\Effects</Filter>
    </ClInclude>
    <ClInclude Include="IntersectPlane.h">
      <Filter>Source Files\Kernel\Kernels\Raytrace\Intersections</Filter>
    </ClInclude>
    <ClInclude Include="IntersectTriangle.h">
      <Filter>Source Files\Kernel\Kernels\Raytrace\Intersections</Filter>
    </ClInclude>
    <ClInclude Include="IntersectBox.h">
      <Filter>Source Files\Kernel\Kernels\Raytrace\Intersections</Filter>
    </ClInclude>
    <ClInclude Include="IntersectionInfo.h">
      <Filter>Source Files\Kernel\Kernels\Raytrace\Intersections</Filter>
    </ClInclude>
    <ClInclude Include="IntersectSphere.h">
      <Filter>Source Files\Kernel\Kernels\Raytrace\Intersections</Filter>
    </ClInclude>
    <ClInclude Include="LightStructures.h">
      <Filter>Source Files\Kernel\Kernels\Raytrace\Structures</Filter>
    </ClInclude>
    <ClInclude Include="IntersectAll.h">
      <Filter>Source Files\Kernel\Kernels\Raytrace\Intersections</Filter>
    </ClInclude>
    <ClInclude Include="Raytracer.h">
      <Filter>Source Files\Kernel\Kernels\Raytrace</Filter>
    </ClInclude>
    <ClInclude Include="Scene.h">
      <Filter>Source Files\Kernel\Kernels\Raytrace\Structures</Filter>
    </ClInclude>
    <ClInclude Include="KernelMathHelper.h">
      <Filter>Source Files\Kernel\Kernels\Raytrace\Utils</Filter>
    </ClInclude>
    <ClInclude Include="KernelMathOperators.h">
      <Filter>Source Files\Kernel\Kernels\Raytrace\Utils</Filter>
    </ClInclude>
    <ClInclude Include="TempController.h">
      <Filter>Source Files\TempLogic</Filter>
    </ClInclude>
    <ClInclude Include="KernelMathMatrix.h">
      <Filter>Source Files\Kernel\Kernels\Raytrace\Utils</Filter>
    </ClInclude>
    <ClInclude Include="RaytraceDefines.h">
      <Filter>Source Files\Kernel\Kernels\Raytrace</Filter>
    </ClInclude>
    <ClInclude Include="OISEventHandler.h">
      <Filter>Source Files\TempLogic\Input</Filter>
    </ClInclude>
    <ClInclude Include="OISHelper.h">
      <Filter>Source Files\TempLogic\Input</Filter>
    </ClInclude>
  </ItemGroup>
  <ItemGroup>
    <ClCompile Include="main.cpp">
      <Filter>Source Files</Filter>
    </ClCompile>
    <ClCompile Include="App.cpp">
      <Filter>Source Files\App</Filter>
    </ClCompile>
    <ClCompile Include="RaytraceKernel.cpp">
      <Filter>Source Files\Kernel\KernelHandler</Filter>
    </ClCompile>
    <ClCompile Include="IKernelHandler.cpp">
      <Filter>Source Files\Kernel\KernelHandler\Base</Filter>
    </ClCompile>
    <ClCompile Include="KernelDevice.cpp">
      <Filter>Source Files\Kernel</Filter>
    </ClCompile>
    <ClCompile Include="Camera.cpp">
      <Filter>Source Files\TempLogic</Filter>
    </ClCompile>
    <ClCompile Include="TempController.cpp">
      <Filter>Source Files\TempLogic</Filter>
    </ClCompile>
    <ClCompile Include="OISHelper.cpp">
      <Filter>Source Files\TempLogic\Input</Filter>
    </ClCompile>
  </ItemGroup>
  <ItemGroup>
    <CudaCompile Include="RaytraceKernelEntry.cu">
      <Filter>Source Files\Kernel\Kernels\Raytrace</Filter>
    </CudaCompile>
  </ItemGroup>
</Project>